{
    "_meta": {
        "hash": {
            "sha256": "8c90840c97682106de8c1454a3ea8b7f9935e1d9626be27dbdbd5eaaeb7e9a81"
        },
        "pipfile-spec": 6,
        "requires": {
            "python_version": "3.11"
        },
        "sources": [
            {
                "name": "pypi",
                "url": "https://pypi.org/simple",
                "verify_ssl": true
            }
        ]
    },
    "default": {
        "pytube": {
            "hashes": [
                "sha256:076052efe76f390dfa24b1194ff821d4e86c17d41cb5562f3a276a8bcbfc9d1d",
                "sha256:07b9904749e213485780d7eb606e5e5b8e4341aa4dccf699160876da00e12d78"
            ],
            "index": "pypi",
            "markers": "python_version >= '3.7'",
            "version": "==15.0.0"
        },
        "pytubefix": {
            "hashes": [
                "sha256:52d72f630169da3dc9db52e960a6b948d0bdae4387a93c8314c5c1a311f6c735",
                "sha256:df0fd990a25ef130738c18cdf3756ce8699b69a74e52db8c18acd2ba2225f706"
            ],
            "index": "pypi",
            "markers": "python_version >= '3.7'",
            "version": "==8.2.0"
        }
    },
    "develop": {}
}
